
Microsoft Visual Studio Solution File, Format Version 12.00
# Visual Studio Version 17
VisualStudioVersion = 17.8.34511.84
MinimumVisualStudioVersion = 10.0.40219.1
Project("{9A19103F-16F7-4668-BE54-9A1E7A4F7556}") = "BaldisBasicsPlusAdvanced", "BaldisBasicsPlusAdvanced\BaldisBasicsPlusAdvanced.csproj", "{4381A5C5-CA67-42DA-9419-C30D9EC7F5A3}"
EndProject
Global
	GlobalSection(SolutionConfigurationPlatforms) = preSolution
		Debug|Any CPU = Debug|Any CPU
		Release|Any CPU = Release|Any CPU
	EndGlobalSection
	GlobalSection(ProjectConfigurationPlatforms) = postSolution
		{4381A5C5-CA67-42DA-9419-C30D9EC7F5A3}.Debug|Any CPU.ActiveCfg = Debug|Any CPU
		{4381A5C5-CA67-42DA-9419-C30D9EC7F5A3}.Debug|Any CPU.Build.0 = Debug|Any CPU
		{4381A5C5-CA67-42DA-9419-C30D9EC7F5A3}.Release|Any CPU.ActiveCfg = Release|Any CPU
		{4381A5C5-CA67-42DA-9419-C30D9EC7F5A3}.Release|Any CPU.Build.0 = Release|Any CPU
	EndGlobalSection
	GlobalSection(SolutionProperties) = preSolution
		HideSolutionNode = FALSE
	EndGlobalSection
	GlobalSection(ExtensibilityGlobals) = postSolution
		SolutionGuid = {87FFC608-BBBB-451C-B02F-9D96C94B4283}
	EndGlobalSection
EndGlobal
